{
  "requires": true,
  "lockfileVersion": 1,
  "dependencies": {
    "vue-notification": {
      "version": "1.3.15",
      "resolved": "https://registry.npmjs.org/vue-notification/-/vue-notification-1.3.15.tgz",
      "integrity": "sha512-OKqTFv0UtvqPu+5UvDb6aqynt2rehwXY1wk9IZ1mZqhpMeCowkfxDJzgW1jqI7AQARHq6nY/o7MBenkjLMxp9w=="
    }
  }
}
